
Microsoft Visual Studio Solution File, Format Version 12.00
# Visual Studio Version 16
VisualStudioVersion = 16.0.32510.428
MinimumVisualStudioVersion = 10.0.40219.1
Project("{9A19103F-16F7-4668-BE54-9A1E7A4F7556}") = "Quizlet", "Quizlet\Quizlet.csproj", "{C6DBBB0F-2411-4CD2-BB37-1DB80DC4C8C9}"
EndProject
Global
	GlobalSection(SolutionConfigurationPlatforms) = preSolution
		Debug|Any CPU = Debug|Any CPU
		Release|Any CPU = Release|Any CPU
	EndGlobalSection
	GlobalSection(ProjectConfigurationPlatforms) = postSolution
		{C6DBBB0F-2411-4CD2-BB37-1DB80DC4C8C9}.Debug|Any CPU.ActiveCfg = Debug|Any CPU
		{C6DBBB0F-2411-4CD2-BB37-1DB80DC4C8C9}.Debug|Any CPU.Build.0 = Debug|Any CPU
		{C6DBBB0F-2411-4CD2-BB37-1DB80DC4C8C9}.Release|Any CPU.ActiveCfg = Release|Any CPU
		{C6DBBB0F-2411-4CD2-BB37-1DB80DC4C8C9}.Release|Any CPU.Build.0 = Release|Any CPU
	EndGlobalSection
	GlobalSection(SolutionProperties) = preSolution
		HideSolutionNode = FALSE
	EndGlobalSection
	GlobalSection(ExtensibilityGlobals) = postSolution
		SolutionGuid = {8832513E-C77E-49B1-9D8B-4FDB14D235DF}
	EndGlobalSection
EndGlobal
